
Microsoft Visual Studio Solution File, Format Version 12.00
# Visual Studio Version 17
VisualStudioVersion = 17.2.32505.173
MinimumVisualStudioVersion = 10.0.40219.1
Project("{FAE04EC0-301F-11D3-BF4B-00C04F79EFBC}") = "Lab3", "Lab3\Lab3.csproj", "{CA86052C-F8F3-4FEC-9675-61DC1F710B2D}"
EndProject
Global
	GlobalSection(SolutionConfigurationPlatforms) = preSolution
		Debug|Any CPU = Debug|Any CPU
		Release|Any CPU = Release|Any CPU
	EndGlobalSection
	GlobalSection(ProjectConfigurationPlatforms) = postSolution
		{CA86052C-F8F3-4FEC-9675-61DC1F710B2D}.Debug|Any CPU.ActiveCfg = Debug|Any CPU
		{CA86052C-F8F3-4FEC-9675-61DC1F710B2D}.Debug|Any CPU.Build.0 = Debug|Any CPU
		{CA86052C-F8F3-4FEC-9675-61DC1F710B2D}.Release|Any CPU.ActiveCfg = Release|Any CPU
		{CA86052C-F8F3-4FEC-9675-61DC1F710B2D}.Release|Any CPU.Build.0 = Release|Any CPU
	EndGlobalSection
	GlobalSection(SolutionProperties) = preSolution
		HideSolutionNode = FALSE
	EndGlobalSection
	GlobalSection(ExtensibilityGlobals) = postSolution
		SolutionGuid = {E1A75020-EE4B-4EE4-A588-69DD1A44A19A}
	EndGlobalSection
EndGlobal
